// !$*UTF8*$!
{
	archiveVersion = 1;
	classes = {
	};
	objectVersion = 77;
	objects = {

/* Begin PBXBuildFile section */
		00FB8BC052CFF7B1164C485D /* TCASmokeTests.swift in Sources */ = {isa = PBXBuildFile; fileRef = F67521AA664F5FE9F1AC6AB8 /* TCASmokeTests.swift */; };
		0707733D9FC9E87DBB20DE2B /* PersistenceClient.swift in Sources */ = {isa = PBXBuildFile; fileRef = 8560ED2DC8C618B58A3BF47D /* PersistenceClient.swift */; };
		0CAD19E030D3F65C76FD2E39 /* AppShellView.swift in Sources */ = {isa = PBXBuildFile; fileRef = 293BA0BC87789BB4B9D3F603 /* AppShellView.swift */; };
		1D424AF1182B4C4F8273ECA8 /* AppFeatureTests.swift in Sources */ = {isa = PBXBuildFile; fileRef = 59D4F8F5962D5F8A19F7EC79 /* AppFeatureTests.swift */; };
		2C7A88ECC9F97A3203DEB45D /* PricesFeatureTests.swift in Sources */ = {isa = PBXBuildFile; fileRef = 9F4F1D582D8DBA50B34C8BD4 /* PricesFeatureTests.swift */; };
		324A8B65E4B3AE6929DAC3AF /* PricingClient.swift in Sources */ = {isa = PBXBuildFile; fileRef = 5CD7FDA5CB1305816A882113 /* PricingClient.swift */; };
		4C0BAE6A4CB9433F43182C37 /* DomainModels.swift in Sources */ = {isa = PBXBuildFile; fileRef = 75905F6274FE9F8BFD18AA70 /* DomainModels.swift */; };
		5D279D6881FAF12A670D335F /* DomainModelsTests.swift in Sources */ = {isa = PBXBuildFile; fileRef = A029A1E50E3C94217EFFCFD3 /* DomainModelsTests.swift */; };
		5E5746E4E23EC6B3BD28CE34 /* DailyPricingSnapshotPipeline.swift in Sources */ = {isa = PBXBuildFile; fileRef = F2BBD1FCB478C16D91769556 /* DailyPricingSnapshotPipeline.swift */; };
		693300BDC4A7882348CC27BB /* PerceptionCore in Frameworks */ = {isa = PBXBuildFile; productRef = 68F3E522A5B73E8D51220272 /* PerceptionCore */; };
		710230124962E2BB85E1987F /* ClientDependenciesTests.swift in Sources */ = {isa = PBXBuildFile; fileRef = D9580A221A5C7CD6CCF6C022 /* ClientDependenciesTests.swift */; };
		74C87C125B8103E879B5E025 /* Perception in Frameworks */ = {isa = PBXBuildFile; productRef = A766A56786864703170D8E16 /* Perception */; };
		800D4B667AA0009EDF34F4A4 /* ComposableArchitecture in Frameworks */ = {isa = PBXBuildFile; productRef = C64AB47F534C3EF47DA37C60 /* ComposableArchitecture */; };
		85ABD8BD485CCA4876B101A7 /* SettingsFeature.swift in Sources */ = {isa = PBXBuildFile; fileRef = 85CBEA5E1ECD0491F94E0DBA /* SettingsFeature.swift */; };
		87A27EA53BFD0397DBAE5371 /* PrecioLuzAppUITests.swift in Sources */ = {isa = PBXBuildFile; fileRef = 51625C05A57E37064CEBE3EF /* PrecioLuzAppUITests.swift */; };
		9B13DE84E95AAB6D55816805 /* PricesFeature.swift in Sources */ = {isa = PBXBuildFile; fileRef = A349262256B13A6827F96952 /* PricesFeature.swift */; };
		BE6F8B2F22DC95595232845A /* DateClient.swift in Sources */ = {isa = PBXBuildFile; fileRef = 98F488EF3222A15A96E4F3CF /* DateClient.swift */; };
		C38E3205CBA69E8FEEC1230F /* ChartFeature.swift in Sources */ = {isa = PBXBuildFile; fileRef = 1FC5C7E5F151FC11C56A3D19 /* ChartFeature.swift */; };
		CE2C0DE70A00C8DB9F34406B /* ComposableArchitecture in Frameworks */ = {isa = PBXBuildFile; productRef = B05968D2E8CFF8E01B748541 /* ComposableArchitecture */; };
		D4F2BDEAF0E519BD8DCB871B /* PrecioLuzAppApp.swift in Sources */ = {isa = PBXBuildFile; fileRef = 9EA85C7AECFB312B3FB9D051 /* PrecioLuzAppApp.swift */; };
		E4A687F3008BBA0F8B3C409C /* AppFeature.swift in Sources */ = {isa = PBXBuildFile; fileRef = 288DF63F4693A0161011B4A4 /* AppFeature.swift */; };
		E6E7A2E30ED90CDEB11D9C79 /* RootStatusBanner.swift in Sources */ = {isa = PBXBuildFile; fileRef = 3602E82D1AA957F3DBC53EB5 /* RootStatusBanner.swift */; };
		EAA54D0786CB11AB8762B373 /* Issue5AcceptanceTests.swift in Sources */ = {isa = PBXBuildFile; fileRef = EAD4ED9252AA55CABFF1E90B /* Issue5AcceptanceTests.swift */; };
		EED5F452F96BA33B52E73AF8 /* SQLiteData in Frameworks */ = {isa = PBXBuildFile; productRef = 4188B8C7C367C21C44A8C549 /* SQLiteData */; };
		FE626B826E8DC20501C5B924 /* DailyPricingSnapshotPipelineTests.swift in Sources */ = {isa = PBXBuildFile; fileRef = 2271894EDF7E0F475C376F87 /* DailyPricingSnapshotPipelineTests.swift */; };
		FFD909BEA040F73D5FEDDC2D /* NotificationClient.swift in Sources */ = {isa = PBXBuildFile; fileRef = 9DEBD7F1E386956FE512E3D6 /* NotificationClient.swift */; };
/* End PBXBuildFile section */

/* Begin PBXContainerItemProxy section */
		72DB069B628BCA23C0B79553 /* PBXContainerItemProxy */ = {
			isa = PBXContainerItemProxy;
			containerPortal = 3C6A2D67EBB3CA36D5B7363B /* Project object */;
			proxyType = 1;
			remoteGlobalIDString = 46AA7BEDF322E624DE3D0B75;
			remoteInfo = PrecioLuzApp;
		};
		EC84DC7AFEDEA1153E989889 /* PBXContainerItemProxy */ = {
			isa = PBXContainerItemProxy;
			containerPortal = 3C6A2D67EBB3CA36D5B7363B /* Project object */;
			proxyType = 1;
			remoteGlobalIDString = 46AA7BEDF322E624DE3D0B75;
			remoteInfo = PrecioLuzApp;
		};
/* End PBXContainerItemProxy section */

/* Begin PBXFileReference section */
		07E8C05629B788AE315B0D11 /* PrecioLuzAppTests.xctest */ = {isa = PBXFileReference; includeInIndex = 0; lastKnownFileType = wrapper.cfbundle; path = PrecioLuzAppTests.xctest; sourceTree = BUILT_PRODUCTS_DIR; };
		1FC5C7E5F151FC11C56A3D19 /* ChartFeature.swift */ = {isa = PBXFileReference; lastKnownFileType = sourcecode.swift; path = ChartFeature.swift; sourceTree = "<group>"; };
		2271894EDF7E0F475C376F87 /* DailyPricingSnapshotPipelineTests.swift */ = {isa = PBXFileReference; lastKnownFileType = sourcecode.swift; path = DailyPricingSnapshotPipelineTests.swift; sourceTree = "<group>"; };
		288DF63F4693A0161011B4A4 /* AppFeature.swift */ = {isa = PBXFileReference; lastKnownFileType = sourcecode.swift; path = AppFeature.swift; sourceTree = "<group>"; };
		293BA0BC87789BB4B9D3F603 /* AppShellView.swift */ = {isa = PBXFileReference; lastKnownFileType = sourcecode.swift; path = AppShellView.swift; sourceTree = "<group>"; };
		3602E82D1AA957F3DBC53EB5 /* RootStatusBanner.swift */ = {isa = PBXFileReference; lastKnownFileType = sourcecode.swift; path = RootStatusBanner.swift; sourceTree = "<group>"; };
		51625C05A57E37064CEBE3EF /* PrecioLuzAppUITests.swift */ = {isa = PBXFileReference; lastKnownFileType = sourcecode.swift; path = PrecioLuzAppUITests.swift; sourceTree = "<group>"; };
		59D4F8F5962D5F8A19F7EC79 /* AppFeatureTests.swift */ = {isa = PBXFileReference; lastKnownFileType = sourcecode.swift; path = AppFeatureTests.swift; sourceTree = "<group>"; };
		5CD7FDA5CB1305816A882113 /* PricingClient.swift */ = {isa = PBXFileReference; lastKnownFileType = sourcecode.swift; path = PricingClient.swift; sourceTree = "<group>"; };
		7107E689FEBFDF0CE85B5766 /* PrecioLuzAppUITests.xctest */ = {isa = PBXFileReference; includeInIndex = 0; lastKnownFileType = wrapper.cfbundle; path = PrecioLuzAppUITests.xctest; sourceTree = BUILT_PRODUCTS_DIR; };
		741F0D1CD612C8F05168C6B2 /* PrecioLuzApp.app */ = {isa = PBXFileReference; includeInIndex = 0; lastKnownFileType = wrapper.application; path = PrecioLuzApp.app; sourceTree = BUILT_PRODUCTS_DIR; };
		75905F6274FE9F8BFD18AA70 /* DomainModels.swift */ = {isa = PBXFileReference; lastKnownFileType = sourcecode.swift; path = DomainModels.swift; sourceTree = "<group>"; };
		8560ED2DC8C618B58A3BF47D /* PersistenceClient.swift */ = {isa = PBXFileReference; lastKnownFileType = sourcecode.swift; path = PersistenceClient.swift; sourceTree = "<group>"; };
		85CBEA5E1ECD0491F94E0DBA /* SettingsFeature.swift */ = {isa = PBXFileReference; lastKnownFileType = sourcecode.swift; path = SettingsFeature.swift; sourceTree = "<group>"; };
		98F488EF3222A15A96E4F3CF /* DateClient.swift */ = {isa = PBXFileReference; lastKnownFileType = sourcecode.swift; path = DateClient.swift; sourceTree = "<group>"; };
		9DEBD7F1E386956FE512E3D6 /* NotificationClient.swift */ = {isa = PBXFileReference; lastKnownFileType = sourcecode.swift; path = NotificationClient.swift; sourceTree = "<group>"; };
		9EA85C7AECFB312B3FB9D051 /* PrecioLuzAppApp.swift */ = {isa = PBXFileReference; lastKnownFileType = sourcecode.swift; path = PrecioLuzAppApp.swift; sourceTree = "<group>"; };
		9F4F1D582D8DBA50B34C8BD4 /* PricesFeatureTests.swift */ = {isa = PBXFileReference; lastKnownFileType = sourcecode.swift; path = PricesFeatureTests.swift; sourceTree = "<group>"; };
		A029A1E50E3C94217EFFCFD3 /* DomainModelsTests.swift */ = {isa = PBXFileReference; lastKnownFileType = sourcecode.swift; path = DomainModelsTests.swift; sourceTree = "<group>"; };
		A349262256B13A6827F96952 /* PricesFeature.swift */ = {isa = PBXFileReference; lastKnownFileType = sourcecode.swift; path = PricesFeature.swift; sourceTree = "<group>"; };
		D9580A221A5C7CD6CCF6C022 /* ClientDependenciesTests.swift */ = {isa = PBXFileReference; lastKnownFileType = sourcecode.swift; path = ClientDependenciesTests.swift; sourceTree = "<group>"; };
		EAD4ED9252AA55CABFF1E90B /* Issue5AcceptanceTests.swift */ = {isa = PBXFileReference; lastKnownFileType = sourcecode.swift; path = Issue5AcceptanceTests.swift; sourceTree = "<group>"; };
		F2BBD1FCB478C16D91769556 /* DailyPricingSnapshotPipeline.swift */ = {isa = PBXFileReference; lastKnownFileType = sourcecode.swift; path = DailyPricingSnapshotPipeline.swift; sourceTree = "<group>"; };
		F67521AA664F5FE9F1AC6AB8 /* TCASmokeTests.swift */ = {isa = PBXFileReference; lastKnownFileType = sourcecode.swift; path = TCASmokeTests.swift; sourceTree = "<group>"; };
/* End PBXFileReference section */

/* Begin PBXFrameworksBuildPhase section */
		557C490DCEE95B75D383FFA1 /* Frameworks */ = {
			isa = PBXFrameworksBuildPhase;
			buildActionMask = 2147483647;
			files = (
				800D4B667AA0009EDF34F4A4 /* ComposableArchitecture in Frameworks */,
				693300BDC4A7882348CC27BB /* PerceptionCore in Frameworks */,
				74C87C125B8103E879B5E025 /* Perception in Frameworks */,
				EED5F452F96BA33B52E73AF8 /* SQLiteData in Frameworks */,
			);
			runOnlyForDeploymentPostprocessing = 0;
		};
		D5B29FC16A8D6E7CE1EC77A8 /* Frameworks */ = {
			isa = PBXFrameworksBuildPhase;
			buildActionMask = 2147483647;
			files = (
				CE2C0DE70A00C8DB9F34406B /* ComposableArchitecture in Frameworks */,
			);
			runOnlyForDeploymentPostprocessing = 0;
		};
/* End PBXFrameworksBuildPhase section */

/* Begin PBXGroup section */
		145FDD60AB67EA3614CCA713 /* PricesFeature */ = {
			isa = PBXGroup;
			children = (
				A349262256B13A6827F96952 /* PricesFeature.swift */,
			);
			path = PricesFeature;
			sourceTree = "<group>";
		};
		1C019852C6CE9F0C775EB817 /* Products */ = {
			isa = PBXGroup;
			children = (
				741F0D1CD612C8F05168C6B2 /* PrecioLuzApp.app */,
				07E8C05629B788AE315B0D11 /* PrecioLuzAppTests.xctest */,
				7107E689FEBFDF0CE85B5766 /* PrecioLuzAppUITests.xctest */,
			);
			name = Products;
			sourceTree = "<group>";
		};
		275054B9F4F96A724F4116AA /* Sources */ = {
			isa = PBXGroup;
			children = (
				71088751C04036CD9D54835A /* App */,
				C563F2CBC5E981184D00E1E6 /* Clients */,
				FC9E4DC28FEBF626F3076DB2 /* Domain */,
				C5FBB96D19C4A3102F3B2C86 /* Features */,
				F2F3101824EFD6C34293D6BB /* UIShared */,
			);
			path = Sources;
			sourceTree = "<group>";
		};
		39F6A07829376070483814D4 /* Domain */ = {
			isa = PBXGroup;
			children = (
				2271894EDF7E0F475C376F87 /* DailyPricingSnapshotPipelineTests.swift */,
				A029A1E50E3C94217EFFCFD3 /* DomainModelsTests.swift */,
			);
			path = Domain;
			sourceTree = "<group>";
		};
		4884844405D5BBEEAAC9A183 = {
			isa = PBXGroup;
			children = (
				275054B9F4F96A724F4116AA /* Sources */,
				DA6AA6158E4981E3EAB7B4E6 /* Tests */,
				E6E387E6F326D92A38D89B39 /* UITests */,
				1C019852C6CE9F0C775EB817 /* Products */,
			);
			sourceTree = "<group>";
		};
		59A34BFE6A151CCA3C144D3A /* Acceptance */ = {
			isa = PBXGroup;
			children = (
				EAD4ED9252AA55CABFF1E90B /* Issue5AcceptanceTests.swift */,
			);
			path = Acceptance;
			sourceTree = "<group>";
		};
		66119059AC9CAC55BF93D1D0 /* SettingsFeature */ = {
			isa = PBXGroup;
			children = (
				85CBEA5E1ECD0491F94E0DBA /* SettingsFeature.swift */,
			);
			path = SettingsFeature;
			sourceTree = "<group>";
		};
		684053EE052D29F6F64B571B /* ChartFeature */ = {
			isa = PBXGroup;
			children = (
				1FC5C7E5F151FC11C56A3D19 /* ChartFeature.swift */,
			);
			path = ChartFeature;
			sourceTree = "<group>";
		};
		71088751C04036CD9D54835A /* App */ = {
			isa = PBXGroup;
			children = (
				9EA85C7AECFB312B3FB9D051 /* PrecioLuzAppApp.swift */,
			);
			path = App;
			sourceTree = "<group>";
		};
		A2FDBF316A920A682B601E24 /* Features */ = {
			isa = PBXGroup;
			children = (
				59D4F8F5962D5F8A19F7EC79 /* AppFeatureTests.swift */,
				9F4F1D582D8DBA50B34C8BD4 /* PricesFeatureTests.swift */,
			);
			path = Features;
			sourceTree = "<group>";
		};
		C563F2CBC5E981184D00E1E6 /* Clients */ = {
			isa = PBXGroup;
			children = (
				98F488EF3222A15A96E4F3CF /* DateClient.swift */,
				9DEBD7F1E386956FE512E3D6 /* NotificationClient.swift */,
				8560ED2DC8C618B58A3BF47D /* PersistenceClient.swift */,
				5CD7FDA5CB1305816A882113 /* PricingClient.swift */,
			);
			path = Clients;
			sourceTree = "<group>";
		};
		C5FBB96D19C4A3102F3B2C86 /* Features */ = {
			isa = PBXGroup;
			children = (
				ED1ECC1C6F8A1C31D20423AA /* AppFeature */,
				684053EE052D29F6F64B571B /* ChartFeature */,
				145FDD60AB67EA3614CCA713 /* PricesFeature */,
				66119059AC9CAC55BF93D1D0 /* SettingsFeature */,
			);
			path = Features;
			sourceTree = "<group>";
		};
		DA6AA6158E4981E3EAB7B4E6 /* Tests */ = {
			isa = PBXGroup;
			children = (
				59A34BFE6A151CCA3C144D3A /* Acceptance */,
				DFA86CDEA19410470D2D3172 /* Clients */,
				39F6A07829376070483814D4 /* Domain */,
				A2FDBF316A920A682B601E24 /* Features */,
				E4BC14CA1C6A085B0BD3FCA5 /* Smoke */,
			);
			path = Tests;
			sourceTree = "<group>";
		};
		DFA86CDEA19410470D2D3172 /* Clients */ = {
			isa = PBXGroup;
			children = (
				D9580A221A5C7CD6CCF6C022 /* ClientDependenciesTests.swift */,
			);
			path = Clients;
			sourceTree = "<group>";
		};
		E4BC14CA1C6A085B0BD3FCA5 /* Smoke */ = {
			isa = PBXGroup;
			children = (
				F67521AA664F5FE9F1AC6AB8 /* TCASmokeTests.swift */,
			);
			path = Smoke;
			sourceTree = "<group>";
		};
		E6E387E6F326D92A38D89B39 /* UITests */ = {
			isa = PBXGroup;
			children = (
				51625C05A57E37064CEBE3EF /* PrecioLuzAppUITests.swift */,
			);
			path = UITests;
			sourceTree = "<group>";
		};
		ED1ECC1C6F8A1C31D20423AA /* AppFeature */ = {
			isa = PBXGroup;
			children = (
				288DF63F4693A0161011B4A4 /* AppFeature.swift */,
				293BA0BC87789BB4B9D3F603 /* AppShellView.swift */,
			);
			path = AppFeature;
			sourceTree = "<group>";
		};
		F2F3101824EFD6C34293D6BB /* UIShared */ = {
			isa = PBXGroup;
			children = (
				3602E82D1AA957F3DBC53EB5 /* RootStatusBanner.swift */,
			);
			path = UIShared;
			sourceTree = "<group>";
		};
		FC9E4DC28FEBF626F3076DB2 /* Domain */ = {
			isa = PBXGroup;
			children = (
				F2BBD1FCB478C16D91769556 /* DailyPricingSnapshotPipeline.swift */,
				75905F6274FE9F8BFD18AA70 /* DomainModels.swift */,
			);
			path = Domain;
			sourceTree = "<group>";
		};
/* End PBXGroup section */

/* Begin PBXNativeTarget section */
		32E35F92DD79330EC4DCEE4D /* PrecioLuzAppUITests */ = {
			isa = PBXNativeTarget;
			buildConfigurationList = 35704165F8ECE34D404019E3 /* Build configuration list for PBXNativeTarget "PrecioLuzAppUITests" */;
			buildPhases = (
				85049A299160F6F99D4B4D39 /* Sources */,
			);
			buildRules = (
			);
			dependencies = (
				7376B076ED30D0BAAB5B727E /* PBXTargetDependency */,
			);
			name = PrecioLuzAppUITests;
			packageProductDependencies = (
			);
			productName = PrecioLuzAppUITests;
			productReference = 7107E689FEBFDF0CE85B5766 /* PrecioLuzAppUITests.xctest */;
			productType = "com.apple.product-type.bundle.ui-testing";
		};
		46AA7BEDF322E624DE3D0B75 /* PrecioLuzApp */ = {
			isa = PBXNativeTarget;
			buildConfigurationList = 96CDDC63FEBE6DA7AE22B029 /* Build configuration list for PBXNativeTarget "PrecioLuzApp" */;
			buildPhases = (
				E4CBDD10F852FD4BB575CBBA /* Sources */,
				557C490DCEE95B75D383FFA1 /* Frameworks */,
			);
			buildRules = (
			);
			dependencies = (
			);
			name = PrecioLuzApp;
			packageProductDependencies = (
				C64AB47F534C3EF47DA37C60 /* ComposableArchitecture */,
				68F3E522A5B73E8D51220272 /* PerceptionCore */,
				A766A56786864703170D8E16 /* Perception */,
				4188B8C7C367C21C44A8C549 /* SQLiteData */,
			);
			productName = PrecioLuzApp;
			productReference = 741F0D1CD612C8F05168C6B2 /* PrecioLuzApp.app */;
			productType = "com.apple.product-type.application";
		};
		7875C704CB96C4EF901A5325 /* PrecioLuzAppTests */ = {
			isa = PBXNativeTarget;
			buildConfigurationList = 0F3CDBE861B3396C75F0DF5B /* Build configuration list for PBXNativeTarget "PrecioLuzAppTests" */;
			buildPhases = (
				EFE359D821683D6F02A5BE33 /* Sources */,
				D5B29FC16A8D6E7CE1EC77A8 /* Frameworks */,
			);
			buildRules = (
			);
			dependencies = (
				920CEEEA5024FA024D236EDF /* PBXTargetDependency */,
			);
			name = PrecioLuzAppTests;
			packageProductDependencies = (
				B05968D2E8CFF8E01B748541 /* ComposableArchitecture */,
			);
			productName = PrecioLuzAppTests;
			productReference = 07E8C05629B788AE315B0D11 /* PrecioLuzAppTests.xctest */;
			productType = "com.apple.product-type.bundle.unit-test";
		};
/* End PBXNativeTarget section */

/* Begin PBXProject section */
		3C6A2D67EBB3CA36D5B7363B /* Project object */ = {
			isa = PBXProject;
			attributes = {
				BuildIndependentTargetsInParallel = YES;
				LastUpgradeCheck = 1430;
				TargetAttributes = {
					32E35F92DD79330EC4DCEE4D = {
						TestTargetID = 46AA7BEDF322E624DE3D0B75;
					};
				};
			};
			buildConfigurationList = 8EB1EA652AF1EAED259FD075 /* Build configuration list for PBXProject "PrecioLuzApp" */;
			developmentRegion = en;
			hasScannedForEncodings = 0;
			knownRegions = (
				Base,
				en,
			);
			mainGroup = 4884844405D5BBEEAAC9A183;
			minimizedProjectReferenceProxies = 1;
			packageReferences = (
				0FDEA251C6FA6D692292341D /* XCRemoteSwiftPackageReference "swift-composable-architecture" */,
				A08C018D5EF3C577EB9EC0DC /* XCRemoteSwiftPackageReference "swift-perception" */,
				EC3D920470079938231681F7 /* XCRemoteSwiftPackageReference "sqlite-data" */,
			);
			preferredProjectObjectVersion = 77;
			productRefGroup = 1C019852C6CE9F0C775EB817 /* Products */;
			projectDirPath = "";
			projectRoot = "";
			targets = (
				46AA7BEDF322E624DE3D0B75 /* PrecioLuzApp */,
				7875C704CB96C4EF901A5325 /* PrecioLuzAppTests */,
				32E35F92DD79330EC4DCEE4D /* PrecioLuzAppUITests */,
			);
		};
/* End PBXProject section */

/* Begin PBXSourcesBuildPhase section */
		85049A299160F6F99D4B4D39 /* Sources */ = {
			isa = PBXSourcesBuildPhase;
			buildActionMask = 2147483647;
			files = (
				87A27EA53BFD0397DBAE5371 /* PrecioLuzAppUITests.swift in Sources */,
			);
			runOnlyForDeploymentPostprocessing = 0;
		};
		E4CBDD10F852FD4BB575CBBA /* Sources */ = {
			isa = PBXSourcesBuildPhase;
			buildActionMask = 2147483647;
			files = (
				E4A687F3008BBA0F8B3C409C /* AppFeature.swift in Sources */,
				0CAD19E030D3F65C76FD2E39 /* AppShellView.swift in Sources */,
				C38E3205CBA69E8FEEC1230F /* ChartFeature.swift in Sources */,
				5E5746E4E23EC6B3BD28CE34 /* DailyPricingSnapshotPipeline.swift in Sources */,
				BE6F8B2F22DC95595232845A /* DateClient.swift in Sources */,
				4C0BAE6A4CB9433F43182C37 /* DomainModels.swift in Sources */,
				FFD909BEA040F73D5FEDDC2D /* NotificationClient.swift in Sources */,
				0707733D9FC9E87DBB20DE2B /* PersistenceClient.swift in Sources */,
				D4F2BDEAF0E519BD8DCB871B /* PrecioLuzAppApp.swift in Sources */,
				9B13DE84E95AAB6D55816805 /* PricesFeature.swift in Sources */,
				324A8B65E4B3AE6929DAC3AF /* PricingClient.swift in Sources */,
				E6E7A2E30ED90CDEB11D9C79 /* RootStatusBanner.swift in Sources */,
				85ABD8BD485CCA4876B101A7 /* SettingsFeature.swift in Sources */,
			);
			runOnlyForDeploymentPostprocessing = 0;
		};
		EFE359D821683D6F02A5BE33 /* Sources */ = {
			isa = PBXSourcesBuildPhase;
			buildActionMask = 2147483647;
			files = (
				1D424AF1182B4C4F8273ECA8 /* AppFeatureTests.swift in Sources */,
				710230124962E2BB85E1987F /* ClientDependenciesTests.swift in Sources */,
				FE626B826E8DC20501C5B924 /* DailyPricingSnapshotPipelineTests.swift in Sources */,
				5D279D6881FAF12A670D335F /* DomainModelsTests.swift in Sources */,
				EAA54D0786CB11AB8762B373 /* Issue5AcceptanceTests.swift in Sources */,
				2C7A88ECC9F97A3203DEB45D /* PricesFeatureTests.swift in Sources */,
				00FB8BC052CFF7B1164C485D /* TCASmokeTests.swift in Sources */,
			);
			runOnlyForDeploymentPostprocessing = 0;
		};
/* End PBXSourcesBuildPhase section */

/* Begin PBXTargetDependency section */
		7376B076ED30D0BAAB5B727E /* PBXTargetDependency */ = {
			isa = PBXTargetDependency;
			target = 46AA7BEDF322E624DE3D0B75 /* PrecioLuzApp */;
			targetProxy = EC84DC7AFEDEA1153E989889 /* PBXContainerItemProxy */;
		};
		920CEEEA5024FA024D236EDF /* PBXTargetDependency */ = {
			isa = PBXTargetDependency;
			target = 46AA7BEDF322E624DE3D0B75 /* PrecioLuzApp */;
			targetProxy = 72DB069B628BCA23C0B79553 /* PBXContainerItemProxy */;
		};
/* End PBXTargetDependency section */

/* Begin XCBuildConfiguration section */
		12014D0C2702B20EB2BC8DE2 /* Debug */ = {
			isa = XCBuildConfiguration;
			buildSettings = {
				BUNDLE_LOADER = "$(TEST_HOST)";
				GENERATE_INFOPLIST_FILE = YES;
				IPHONEOS_DEPLOYMENT_TARGET = 26.0;
				LD_RUNPATH_SEARCH_PATHS = (
					"$(inherited)",
					"@executable_path/Frameworks",
					"@loader_path/Frameworks",
				);
				SDKROOT = iphoneos;
				TARGETED_DEVICE_FAMILY = "1,2";
				TEST_HOST = "$(BUILT_PRODUCTS_DIR)/PrecioLuzApp.app/PrecioLuzApp";
			};
			name = Debug;
		};
		26DA3D4AF9B4D1812281D9D5 /* Debug */ = {
			isa = XCBuildConfiguration;
			buildSettings = {
				BUNDLE_LOADER = "$(TEST_HOST)";
				GENERATE_INFOPLIST_FILE = YES;
				IPHONEOS_DEPLOYMENT_TARGET = 26.0;
				LD_RUNPATH_SEARCH_PATHS = (
					"$(inherited)",
					"@executable_path/Frameworks",
					"@loader_path/Frameworks",
				);
				SDKROOT = iphoneos;
				TARGETED_DEVICE_FAMILY = "1,2";
				TEST_TARGET_NAME = PrecioLuzApp;
			};
			name = Debug;
		};
		34A90CE9B48E2161416EF1BE /* Release */ = {
			isa = XCBuildConfiguration;
			buildSettings = {
				BUNDLE_LOADER = "$(TEST_HOST)";
				GENERATE_INFOPLIST_FILE = YES;
				IPHONEOS_DEPLOYMENT_TARGET = 26.0;
				LD_RUNPATH_SEARCH_PATHS = (
					"$(inherited)",
					"@executable_path/Frameworks",
					"@loader_path/Frameworks",
				);
				SDKROOT = iphoneos;
				TARGETED_DEVICE_FAMILY = "1,2";
				TEST_HOST = "$(BUILT_PRODUCTS_DIR)/PrecioLuzApp.app/PrecioLuzApp";
			};
			name = Release;
		};
		7A662013F017281E28CAA71B /* Release */ = {
			isa = XCBuildConfiguration;
			buildSettings = {
				ALWAYS_SEARCH_USER_PATHS = NO;
				CLANG_ANALYZER_NONNULL = YES;
				CLANG_ANALYZER_NUMBER_OBJECT_CONVERSION = YES_AGGRESSIVE;
				CLANG_CXX_LANGUAGE_STANDARD = "gnu++14";
				CLANG_CXX_LIBRARY = "libc++";
				CLANG_ENABLE_MODULES = YES;
				CLANG_ENABLE_OBJC_ARC = YES;
				CLANG_ENABLE_OBJC_WEAK = YES;
				CLANG_WARN_BLOCK_CAPTURE_AUTORELEASING = YES;
				CLANG_WARN_BOOL_CONVERSION = YES;
				CLANG_WARN_COMMA = YES;
				CLANG_WARN_CONSTANT_CONVERSION = YES;
				CLANG_WARN_DEPRECATED_OBJC_IMPLEMENTATIONS = YES;
				CLANG_WARN_DIRECT_OBJC_ISA_USAGE = YES_ERROR;
				CLANG_WARN_DOCUMENTATION_COMMENTS = YES;
				CLANG_WARN_EMPTY_BODY = YES;
				CLANG_WARN_ENUM_CONVERSION = YES;
				CLANG_WARN_INFINITE_RECURSION = YES;
				CLANG_WARN_INT_CONVERSION = YES;
				CLANG_WARN_NON_LITERAL_NULL_CONVERSION = YES;
				CLANG_WARN_OBJC_IMPLICIT_RETAIN_SELF = YES;
				CLANG_WARN_OBJC_LITERAL_CONVERSION = YES;
				CLANG_WARN_OBJC_ROOT_CLASS = YES_ERROR;
				CLANG_WARN_QUOTED_INCLUDE_IN_FRAMEWORK_HEADER = YES;
				CLANG_WARN_RANGE_LOOP_ANALYSIS = YES;
				CLANG_WARN_STRICT_PROTOTYPES = YES;
				CLANG_WARN_SUSPICIOUS_MOVE = YES;
				CLANG_WARN_UNGUARDED_AVAILABILITY = YES_AGGRESSIVE;
				CLANG_WARN_UNREACHABLE_CODE = YES;
				CLANG_WARN__DUPLICATE_METHOD_MATCH = YES;
				COPY_PHASE_STRIP = NO;
				DEBUG_INFORMATION_FORMAT = "dwarf-with-dsym";
				ENABLE_NS_ASSERTIONS = NO;
				ENABLE_STRICT_OBJC_MSGSEND = YES;
				GCC_C_LANGUAGE_STANDARD = gnu11;
				GCC_NO_COMMON_BLOCKS = YES;
				GCC_WARN_64_TO_32_BIT_CONVERSION = YES;
				GCC_WARN_ABOUT_RETURN_TYPE = YES_ERROR;
				GCC_WARN_UNDECLARED_SELECTOR = YES;
				GCC_WARN_UNINITIALIZED_AUTOS = YES_AGGRESSIVE;
				GCC_WARN_UNUSED_FUNCTION = YES;
				GCC_WARN_UNUSED_VARIABLE = YES;
				IPHONEOS_DEPLOYMENT_TARGET = 26.0;
				MTL_ENABLE_DEBUG_INFO = NO;
				MTL_FAST_MATH = YES;
				PRODUCT_NAME = "$(TARGET_NAME)";
				SDKROOT = iphoneos;
				SWIFT_COMPILATION_MODE = wholemodule;
				SWIFT_OPTIMIZATION_LEVEL = "-O";
				SWIFT_STRICT_CONCURRENCY = complete;
				SWIFT_VERSION = 6.0;
			};
			name = Release;
		};
		8DB066517597FA6709F91BCF /* Release */ = {
			isa = XCBuildConfiguration;
			buildSettings = {
				BUNDLE_LOADER = "$(TEST_HOST)";
				GENERATE_INFOPLIST_FILE = YES;
				IPHONEOS_DEPLOYMENT_TARGET = 26.0;
				LD_RUNPATH_SEARCH_PATHS = (
					"$(inherited)",
					"@executable_path/Frameworks",
					"@loader_path/Frameworks",
				);
				SDKROOT = iphoneos;
				TARGETED_DEVICE_FAMILY = "1,2";
				TEST_TARGET_NAME = PrecioLuzApp;
			};
			name = Release;
		};
		A8D0CE691CED97227609137D /* Release */ = {
			isa = XCBuildConfiguration;
			buildSettings = {
				ASSETCATALOG_COMPILER_APPICON_NAME = AppIcon;
				CODE_SIGN_IDENTITY = "iPhone Developer";
				INFOPLIST_FILE = Resources/Info.plist;
				IPHONEOS_DEPLOYMENT_TARGET = 26.0;
				LD_RUNPATH_SEARCH_PATHS = (
					"$(inherited)",
					"@executable_path/Frameworks",
				);
				PRODUCT_BUNDLE_IDENTIFIER = com.michelgoni.PrecioLuzApp;
				SDKROOT = iphoneos;
				TARGETED_DEVICE_FAMILY = 1;
			};
			name = Release;
		};
		E040439AD367AC0DFCF293B0 /* Debug */ = {
			isa = XCBuildConfiguration;
			buildSettings = {
				ALWAYS_SEARCH_USER_PATHS = NO;
				CLANG_ANALYZER_NONNULL = YES;
				CLANG_ANALYZER_NUMBER_OBJECT_CONVERSION = YES_AGGRESSIVE;
				CLANG_CXX_LANGUAGE_STANDARD = "gnu++14";
				CLANG_CXX_LIBRARY = "libc++";
				CLANG_ENABLE_MODULES = YES;
				CLANG_ENABLE_OBJC_ARC = YES;
				CLANG_ENABLE_OBJC_WEAK = YES;
				CLANG_WARN_BLOCK_CAPTURE_AUTORELEASING = YES;
				CLANG_WARN_BOOL_CONVERSION = YES;
				CLANG_WARN_COMMA = YES;
				CLANG_WARN_CONSTANT_CONVERSION = YES;
				CLANG_WARN_DEPRECATED_OBJC_IMPLEMENTATIONS = YES;
				CLANG_WARN_DIRECT_OBJC_ISA_USAGE = YES_ERROR;
				CLANG_WARN_DOCUMENTATION_COMMENTS = YES;
				CLANG_WARN_EMPTY_BODY = YES;
				CLANG_WARN_ENUM_CONVERSION = YES;
				CLANG_WARN_INFINITE_RECURSION = YES;
				CLANG_WARN_INT_CONVERSION = YES;
				CLANG_WARN_NON_LITERAL_NULL_CONVERSION = YES;
				CLANG_WARN_OBJC_IMPLICIT_RETAIN_SELF = YES;
				CLANG_WARN_OBJC_LITERAL_CONVERSION = YES;
				CLANG_WARN_OBJC_ROOT_CLASS = YES_ERROR;
				CLANG_WARN_QUOTED_INCLUDE_IN_FRAMEWORK_HEADER = YES;
				CLANG_WARN_RANGE_LOOP_ANALYSIS = YES;
				CLANG_WARN_STRICT_PROTOTYPES = YES;
				CLANG_WARN_SUSPICIOUS_MOVE = YES;
				CLANG_WARN_UNGUARDED_AVAILABILITY = YES_AGGRESSIVE;
				CLANG_WARN_UNREACHABLE_CODE = YES;
				CLANG_WARN__DUPLICATE_METHOD_MATCH = YES;
				COPY_PHASE_STRIP = NO;
				DEBUG_INFORMATION_FORMAT = dwarf;
				ENABLE_STRICT_OBJC_MSGSEND = YES;
				ENABLE_TESTABILITY = YES;
				GCC_C_LANGUAGE_STANDARD = gnu11;
				GCC_DYNAMIC_NO_PIC = NO;
				GCC_NO_COMMON_BLOCKS = YES;
				GCC_OPTIMIZATION_LEVEL = 0;
				GCC_PREPROCESSOR_DEFINITIONS = (
					"$(inherited)",
					"DEBUG=1",
				);
				GCC_WARN_64_TO_32_BIT_CONVERSION = YES;
				GCC_WARN_ABOUT_RETURN_TYPE = YES_ERROR;
				GCC_WARN_UNDECLARED_SELECTOR = YES;
				GCC_WARN_UNINITIALIZED_AUTOS = YES_AGGRESSIVE;
				GCC_WARN_UNUSED_FUNCTION = YES;
				GCC_WARN_UNUSED_VARIABLE = YES;
				IPHONEOS_DEPLOYMENT_TARGET = 26.0;
				MTL_ENABLE_DEBUG_INFO = INCLUDE_SOURCE;
				MTL_FAST_MATH = YES;
				ONLY_ACTIVE_ARCH = YES;
				PRODUCT_NAME = "$(TARGET_NAME)";
				SDKROOT = iphoneos;
				SWIFT_ACTIVE_COMPILATION_CONDITIONS = DEBUG;
				SWIFT_OPTIMIZATION_LEVEL = "-Onone";
				SWIFT_STRICT_CONCURRENCY = complete;
				SWIFT_VERSION = 6.0;
			};
			name = Debug;
		};
		FB06B89154F5636A17941736 /* Debug */ = {
			isa = XCBuildConfiguration;
			buildSettings = {
				ASSETCATALOG_COMPILER_APPICON_NAME = AppIcon;
				CODE_SIGN_IDENTITY = "iPhone Developer";
				INFOPLIST_FILE = Resources/Info.plist;
				IPHONEOS_DEPLOYMENT_TARGET = 26.0;
				LD_RUNPATH_SEARCH_PATHS = (
					"$(inherited)",
					"@executable_path/Frameworks",
				);
				PRODUCT_BUNDLE_IDENTIFIER = com.michelgoni.PrecioLuzApp;
				SDKROOT = iphoneos;
				TARGETED_DEVICE_FAMILY = 1;
			};
			name = Debug;
		};
/* End XCBuildConfiguration section */

/* Begin XCConfigurationList section */
		0F3CDBE861B3396C75F0DF5B /* Build configuration list for PBXNativeTarget "PrecioLuzAppTests" */ = {
			isa = XCConfigurationList;
			buildConfigurations = (
				12014D0C2702B20EB2BC8DE2 /* Debug */,
				34A90CE9B48E2161416EF1BE /* Release */,
			);
			defaultConfigurationIsVisible = 0;
			defaultConfigurationName = Debug;
		};
		35704165F8ECE34D404019E3 /* Build configuration list for PBXNativeTarget "PrecioLuzAppUITests" */ = {
			isa = XCConfigurationList;
			buildConfigurations = (
				26DA3D4AF9B4D1812281D9D5 /* Debug */,
				8DB066517597FA6709F91BCF /* Release */,
			);
			defaultConfigurationIsVisible = 0;
			defaultConfigurationName = Debug;
		};
		8EB1EA652AF1EAED259FD075 /* Build configuration list for PBXProject "PrecioLuzApp" */ = {
			isa = XCConfigurationList;
			buildConfigurations = (
				E040439AD367AC0DFCF293B0 /* Debug */,
				7A662013F017281E28CAA71B /* Release */,
			);
			defaultConfigurationIsVisible = 0;
			defaultConfigurationName = Debug;
		};
		96CDDC63FEBE6DA7AE22B029 /* Build configuration list for PBXNativeTarget "PrecioLuzApp" */ = {
			isa = XCConfigurationList;
			buildConfigurations = (
				FB06B89154F5636A17941736 /* Debug */,
				A8D0CE691CED97227609137D /* Release */,
			);
			defaultConfigurationIsVisible = 0;
			defaultConfigurationName = Debug;
		};
/* End XCConfigurationList section */

/* Begin XCRemoteSwiftPackageReference section */
		0FDEA251C6FA6D692292341D /* XCRemoteSwiftPackageReference "swift-composable-architecture" */ = {
			isa = XCRemoteSwiftPackageReference;
			repositoryURL = "https://github.com/pointfreeco/swift-composable-architecture";
			requirement = {
				kind = upToNextMajorVersion;
				minimumVersion = 1.9.3;
			};
		};
		A08C018D5EF3C577EB9EC0DC /* XCRemoteSwiftPackageReference "swift-perception" */ = {
			isa = XCRemoteSwiftPackageReference;
			repositoryURL = "https://github.com/pointfreeco/swift-perception";
			requirement = {
				kind = upToNextMajorVersion;
				minimumVersion = 2.0.10;
			};
		};
		EC3D920470079938231681F7 /* XCRemoteSwiftPackageReference "sqlite-data" */ = {
			isa = XCRemoteSwiftPackageReference;
			repositoryURL = "https://github.com/pointfreeco/sqlite-data";
			requirement = {
				kind = upToNextMajorVersion;
				minimumVersion = 1.6.1;
			};
		};
/* End XCRemoteSwiftPackageReference section */

/* Begin XCSwiftPackageProductDependency section */
		4188B8C7C367C21C44A8C549 /* SQLiteData */ = {
			isa = XCSwiftPackageProductDependency;
			package = EC3D920470079938231681F7 /* XCRemoteSwiftPackageReference "sqlite-data" */;
			productName = SQLiteData;
		};
		68F3E522A5B73E8D51220272 /* PerceptionCore */ = {
			isa = XCSwiftPackageProductDependency;
			package = A08C018D5EF3C577EB9EC0DC /* XCRemoteSwiftPackageReference "swift-perception" */;
			productName = PerceptionCore;
		};
		A766A56786864703170D8E16 /* Perception */ = {
			isa = XCSwiftPackageProductDependency;
			package = A08C018D5EF3C577EB9EC0DC /* XCRemoteSwiftPackageReference "swift-perception" */;
			productName = Perception;
		};
		B05968D2E8CFF8E01B748541 /* ComposableArchitecture */ = {
			isa = XCSwiftPackageProductDependency;
			package = 0FDEA251C6FA6D692292341D /* XCRemoteSwiftPackageReference "swift-composable-architecture" */;
			productName = ComposableArchitecture;
		};
		C64AB47F534C3EF47DA37C60 /* ComposableArchitecture */ = {
			isa = XCSwiftPackageProductDependency;
			package = 0FDEA251C6FA6D692292341D /* XCRemoteSwiftPackageReference "swift-composable-architecture" */;
			productName = ComposableArchitecture;
		};
/* End XCSwiftPackageProductDependency section */
	};
	rootObject = 3C6A2D67EBB3CA36D5B7363B /* Project object */;
}
